// !$*UTF8*$!
{
	archiveVersion = 1;
	classes = {
	};
	objectVersion = 56;
	objects = {

/* Begin PBXBuildFile section */
		00037EF12B792784006DC474 /* Spaceship.rcproject in Sources */ = {isa = PBXBuildFile; fileRef = 00037EF02B792784006DC474 /* Spaceship.rcproject */; };
		003881CC2B780822007826E0 /* HacklahomaApp.swift in Sources */ = {isa = PBXBuildFile; fileRef = 003881CB2B780822007826E0 /* HacklahomaApp.swift */; };
		003881CE2B780822007826E0 /* ContentView.swift in Sources */ = {isa = PBXBuildFile; fileRef = 003881CD2B780822007826E0 /* ContentView.swift */; };
		003881D02B780823007826E0 /* Assets.xcassets in Resources */ = {isa = PBXBuildFile; fileRef = 003881CF2B780823007826E0 /* Assets.xcassets */; };
		003881D32B780823007826E0 /* Preview Assets.xcassets in Resources */ = {isa = PBXBuildFile; fileRef = 003881D22B780823007826E0 /* Preview Assets.xcassets */; };
		003881E42B781E62007826E0 /* Game.rcproject in Sources */ = {isa = PBXBuildFile; fileRef = 003881E32B781E62007826E0 /* Game.rcproject */; };
		003881E62B783047007826E0 /* Home_Screen.swift in Sources */ = {isa = PBXBuildFile; fileRef = 003881E52B783047007826E0 /* Home_Screen.swift */; };
		003881E82B784D39007826E0 /* Dart.rcproject in Sources */ = {isa = PBXBuildFile; fileRef = 003881E72B784D39007826E0 /* Dart.rcproject */; };
/* End PBXBuildFile section */

/* Begin PBXFileReference section */
		00037EF02B792784006DC474 /* Spaceship.rcproject */ = {isa = PBXFileReference; lastKnownFileType = file.rcproject; path = Spaceship.rcproject; sourceTree = "<group>"; };
		003881C82B780822007826E0 /* Hacklahoma.app */ = {isa = PBXFileReference; explicitFileType = wrapper.application; includeInIndex = 0; path = Hacklahoma.app; sourceTree = BUILT_PRODUCTS_DIR; };
		003881CB2B780822007826E0 /* HacklahomaApp.swift */ = {isa = PBXFileReference; lastKnownFileType = sourcecode.swift; path = HacklahomaApp.swift; sourceTree = "<group>"; };
		003881CD2B780822007826E0 /* ContentView.swift */ = {isa = PBXFileReference; lastKnownFileType = sourcecode.swift; path = ContentView.swift; sourceTree = "<group>"; };
		003881CF2B780823007826E0 /* Assets.xcassets */ = {isa = PBXFileReference; lastKnownFileType = folder.assetcatalog; path = Assets.xcassets; sourceTree = "<group>"; };
		003881D22B780823007826E0 /* Preview Assets.xcassets */ = {isa = PBXFileReference; lastKnownFileType = folder.assetcatalog; path = "Preview Assets.xcassets"; sourceTree = "<group>"; };
		003881E32B781E62007826E0 /* Game.rcproject */ = {isa = PBXFileReference; lastKnownFileType = file.rcproject; path = Game.rcproject; sourceTree = "<group>"; };
		003881E52B783047007826E0 /* Home_Screen.swift */ = {isa = PBXFileReference; lastKnownFileType = sourcecode.swift; path = Home_Screen.swift; sourceTree = "<group>"; };
		003881E72B784D39007826E0 /* Dart.rcproject */ = {isa = PBXFileReference; lastKnownFileType = file.rcproject; path = Dart.rcproject; sourceTree = "<group>"; };
/* End PBXFileReference section */

/* Begin PBXFrameworksBuildPhase section */
		003881C52B780822007826E0 /* Frameworks */ = {
			isa = PBXFrameworksBuildPhase;
			buildActionMask = 2147483647;
			files = (
			);
			runOnlyForDeploymentPostprocessing = 0;
		};
/* End PBXFrameworksBuildPhase section */

/* Begin PBXGroup section */
		003881BF2B780822007826E0 = {
			isa = PBXGroup;
			children = (
				003881CA2B780822007826E0 /* Hacklahoma */,
				003881C92B780822007826E0 /* Products */,
			);
			sourceTree = "<group>";
		};
		003881C92B780822007826E0 /* Products */ = {
			isa = PBXGroup;
			children = (
				003881C82B780822007826E0 /* Hacklahoma.app */,
			);
			name = Products;
			sourceTree = "<group>";
		};
		003881CA2B780822007826E0 /* Hacklahoma */ = {
			isa = PBXGroup;
			children = (
				003881E72B784D39007826E0 /* Dart.rcproject */,
				003881E52B783047007826E0 /* Home_Screen.swift */,
				003881CB2B780822007826E0 /* HacklahomaApp.swift */,
				003881CD2B780822007826E0 /* ContentView.swift */,
				00037EF02B792784006DC474 /* Spaceship.rcproject */,
				003881CF2B780823007826E0 /* Assets.xcassets */,
				003881E32B781E62007826E0 /* Game.rcproject */,
				003881D12B780823007826E0 /* Preview Content */,
			);
			path = Hacklahoma;
			sourceTree = "<group>";
		};
		003881D12B780823007826E0 /* Preview Content */ = {
			isa = PBXGroup;
			children = (
				003881D22B780823007826E0 /* Preview Assets.xcassets */,
			);
			path = "Preview Content";
			sourceTree = "<group>";
		};
/* End PBXGroup section */

/* Begin PBXNativeTarget section */
		003881C72B780822007826E0 /* Hacklahoma */ = {
			isa = PBXNativeTarget;
			buildConfigurationList = 003881D62B780823007826E0 /* Build configuration list for PBXNativeTarget "Hacklahoma" */;
			buildPhases = (
				003881C42B780822007826E0 /* Sources */,
				003881C52B780822007826E0 /* Frameworks */,
				003881C62B780822007826E0 /* Resources */,
			);
			buildRules = (
			);
			dependencies = (
			);
			name = Hacklahoma;
			productName = Hacklahoma;
			productReference = 003881C82B780822007826E0 /* Hacklahoma.app */;
			productType = "com.apple.product-type.application";
		};
/* End PBXNativeTarget section */

/* Begin PBXProject section */
		003881C02B780822007826E0 /* Project object */ = {
			isa = PBXProject;
			attributes = {
				BuildIndependentTargetsInParallel = 1;
				LastSwiftUpdateCheck = 1430;
				LastUpgradeCheck = 1430;
				TargetAttributes = {
					003881C72B780822007826E0 = {
						CreatedOnToolsVersion = 14.3.1;
					};
				};
			};
			buildConfigurationList = 003881C32B780822007826E0 /* Build configuration list for PBXProject "Hacklahoma" */;
			compatibilityVersion = "Xcode 14.0";
			developmentRegion = en;
			hasScannedForEncodings = 0;
			knownRegions = (
				en,
				Base,
			);
			mainGroup = 003881BF2B780822007826E0;
			productRefGroup = 003881C92B780822007826E0 /* Products */;
			projectDirPath = "";
			projectRoot = "";
			targets = (
				003881C72B780822007826E0 /* Hacklahoma */,
			);
		};
/* End PBXProject section */

/* Begin PBXResourcesBuildPhase section */
		003881C62B780822007826E0 /* Resources */ = {
			isa = PBXResourcesBuildPhase;
			buildActionMask = 2147483647;
			files = (
				003881D32B780823007826E0 /* Preview Assets.xcassets in Resources */,
				003881D02B780823007826E0 /* Assets.xcassets in Resources */,
			);
			runOnlyForDeploymentPostprocessing = 0;
		};
/* End PBXResourcesBuildPhase section */

/* Begin PBXSourcesBuildPhase section */
		003881C42B780822007826E0 /* Sources */ = {
			isa = PBXSourcesBuildPhase;
			buildActionMask = 2147483647;
			files = (
				003881CE2B780822007826E0 /* ContentView.swift in Sources */,
				00037EF12B792784006DC474 /* Spaceship.rcproject in Sources */,
				003881E82B784D39007826E0 /* Dart.rcproject in Sources */,
				003881E62B783047007826E0 /* Home_Screen.swift in Sources */,
				003881E42B781E62007826E0 /* Game.rcproject in Sources */,
				003881CC2B780822007826E0 /* HacklahomaApp.swift in Sources */,
			);
			runOnlyForDeploymentPostprocessing = 0;
		};
/* End PBXSourcesBuildPhase section */

/* Begin XCBuildConfiguration section */
		003881D42B780823007826E0 /* Debug */ = {
			isa = XCBuildConfiguration;
			buildSettings = {
				ALWAYS_SEARCH_USER_PATHS = NO;
				CLANG_ANALYZER_NONNULL = YES;
				CLANG_ANALYZER_NUMBER_OBJECT_CONVERSION = YES_AGGRESSIVE;
				CLANG_CXX_LANGUAGE_STANDARD = "gnu++20";
				CLANG_ENABLE_MODULES = YES;
				CLANG_ENABLE_OBJC_ARC = YES;
				CLANG_ENABLE_OBJC_WEAK = YES;
				CLANG_WARN_BLOCK_CAPTURE_AUTORELEASING = YES;
				CLANG_WARN_BOOL_CONVERSION = YES;
				CLANG_WARN_COMMA = YES;
				CLANG_WARN_CONSTANT_CONVERSION = YES;
				CLANG_WARN_DEPRECATED_OBJC_IMPLEMENTATIONS = YES;
				CLANG_WARN_DIRECT_OBJC_ISA_USAGE = YES_ERROR;
				CLANG_WARN_DOCUMENTATION_COMMENTS = YES;
				CLANG_WARN_EMPTY_BODY = YES;
				CLANG_WARN_ENUM_CONVERSION = YES;
				CLANG_WARN_INFINITE_RECURSION = YES;
				CLANG_WARN_INT_CONVERSION = YES;
				CLANG_WARN_NON_LITERAL_NULL_CONVERSION = YES;
				CLANG_WARN_OBJC_IMPLICIT_RETAIN_SELF = YES;
				CLANG_WARN_OBJC_LITERAL_CONVERSION = YES;
				CLANG_WARN_OBJC_ROOT_CLASS = YES_ERROR;
				CLANG_WARN_QUOTED_INCLUDE_IN_FRAMEWORK_HEADER = YES;
				CLANG_WARN_RANGE_LOOP_ANALYSIS = YES;
				CLANG_WARN_STRICT_PROTOTYPES = YES;
				CLANG_WARN_SUSPICIOUS_MOVE = YES;
				CLANG_WARN_UNGUARDED_AVAILABILITY = YES_AGGRESSIVE;
				CLANG_WARN_UNREACHABLE_CODE = YES;
				CLANG_WARN__DUPLICATE_METHOD_MATCH = YES;
				COPY_PHASE_STRIP = NO;
				DEBUG_INFORMATION_FORMAT = dwarf;
				ENABLE_STRICT_OBJC_MSGSEND = YES;
				ENABLE_TESTABILITY = YES;
				GCC_C_LANGUAGE_STANDARD = gnu11;
				GCC_DYNAMIC_NO_PIC = NO;
				GCC_NO_COMMON_BLOCKS = YES;
				GCC_OPTIMIZATION_LEVEL = 0;
				GCC_PREPROCESSOR_DEFINITIONS = (
					"DEBUG=1",
					"$(inherited)",
				);
				GCC_WARN_64_TO_32_BIT_CONVERSION = YES;
				GCC_WARN_ABOUT_RETURN_TYPE = YES_ERROR;
				GCC_WARN_UNDECLARED_SELECTOR = YES;
				GCC_WARN_UNINITIALIZED_AUTOS = YES_AGGRESSIVE;
				GCC_WARN_UNUSED_FUNCTION = YES;
				GCC_WARN_UNUSED_VARIABLE = YES;
				IPHONEOS_DEPLOYMENT_TARGET = 16.4;
				MTL_ENABLE_DEBUG_INFO = INCLUDE_SOURCE;
				MTL_FAST_MATH = YES;
				ONLY_ACTIVE_ARCH = YES;
				SDKROOT = iphoneos;
				SWIFT_ACTIVE_COMPILATION_CONDITIONS = DEBUG;
				SWIFT_OPTIMIZATION_LEVEL = "-Onone";
			};
			name = Debug;
		};
		003881D52B780823007826E0 /* Release */ = {
			isa = XCBuildConfiguration;
			buildSettings = {
				ALWAYS_SEARCH_USER_PATHS = NO;
				CLANG_ANALYZER_NONNULL = YES;
				CLANG_ANALYZER_NUMBER_OBJECT_CONVERSION = YES_AGGRESSIVE;
				CLANG_CXX_LANGUAGE_STANDARD = "gnu++20";
				CLANG_ENABLE_MODULES = YES;
				CLANG_ENABLE_OBJC_ARC = YES;
				CLANG_ENABLE_OBJC_WEAK = YES;
				CLANG_WARN_BLOCK_CAPTURE_AUTORELEASING = YES;
				CLANG_WARN_BOOL_CONVERSION = YES;
				CLANG_WARN_COMMA = YES;
				CLANG_WARN_CONSTANT_CONVERSION = YES;
				CLANG_WARN_DEPRECATED_OBJC_IMPLEMENTATIONS = YES;
				CLANG_WARN_DIRECT_OBJC_ISA_USAGE = YES_ERROR;
				CLANG_WARN_DOCUMENTATION_COMMENTS = YES;
				CLANG_WARN_EMPTY_BODY = YES;
				CLANG_WARN_ENUM_CONVERSION = YES;
				CLANG_WARN_INFINITE_RECURSION = YES;
				CLANG_WARN_INT_CONVERSION = YES;
				CLANG_WARN_NON_LITERAL_NULL_CONVERSION = YES;
				CLANG_WARN_OBJC_IMPLICIT_RETAIN_SELF = YES;
				CLANG_WARN_OBJC_LITERAL_CONVERSION = YES;
				CLANG_WARN_OBJC_ROOT_CLASS = YES_ERROR;
				CLANG_WARN_QUOTED_INCLUDE_IN_FRAMEWORK_HEADER = YES;
				CLANG_WARN_RANGE_LOOP_ANALYSIS = YES;
				CLANG_WARN_STRICT_PROTOTYPES = YES;
				CLANG_WARN_SUSPICIOUS_MOVE = YES;
				CLANG_WARN_UNGUARDED_AVAILABILITY = YES_AGGRESSIVE;
				CLANG_WARN_UNREACHABLE_CODE = YES;
				CLANG_WARN__DUPLICATE_METHOD_MATCH = YES;
				COPY_PHASE_STRIP = NO;
				DEBUG_INFORMATION_FORMAT = "dwarf-with-dsym";
				ENABLE_NS_ASSERTIONS = NO;
				ENABLE_STRICT_OBJC_MSGSEND = YES;
				GCC_C_LANGUAGE_STANDARD = gnu11;
				GCC_NO_COMMON_BLOCKS = YES;
				GCC_WARN_64_TO_32_BIT_CONVERSION = YES;
				GCC_WARN_ABOUT_RETURN_TYPE = YES_ERROR;
				GCC_WARN_UNDECLARED_SELECTOR = YES;
				GCC_WARN_UNINITIALIZED_AUTOS = YES_AGGRESSIVE;
				GCC_WARN_UNUSED_FUNCTION = YES;
				GCC_WARN_UNUSED_VARIABLE = YES;
				IPHONEOS_DEPLOYMENT_TARGET = 16.4;
				MTL_ENABLE_DEBUG_INFO = NO;
				MTL_FAST_MATH = YES;
				SDKROOT = iphoneos;
				SWIFT_COMPILATION_MODE = wholemodule;
				SWIFT_OPTIMIZATION_LEVEL = "-O";
				VALIDATE_PRODUCT = YES;
			};
			name = Release;
		};
		003881D72B780823007826E0 /* Debug */ = {
			isa = XCBuildConfiguration;
			buildSettings = {
				ASSETCATALOG_COMPILER_APPICON_NAME = AppIcon;
				ASSETCATALOG_COMPILER_GLOBAL_ACCENT_COLOR_NAME = AccentColor;
				CODE_SIGN_STYLE = Automatic;
				CURRENT_PROJECT_VERSION = 1;
				DEVELOPMENT_ASSET_PATHS = "\"Hacklahoma/Preview Content\"";
				DEVELOPMENT_TEAM = 8X77Z4A6V8;
				ENABLE_PREVIEWS = YES;
				GENERATE_INFOPLIST_FILE = YES;
				INFOPLIST_KEY_NSCameraUsageDescription = "App needs access to camera";
				INFOPLIST_KEY_UIApplicationSceneManifest_Generation = YES;
				INFOPLIST_KEY_UIApplicationSupportsIndirectInputEvents = YES;
				INFOPLIST_KEY_UILaunchScreen_Generation = YES;
				INFOPLIST_KEY_UISupportedInterfaceOrientations_iPad = "UIInterfaceOrientationPortrait UIInterfaceOrientationPortraitUpsideDown UIInterfaceOrientationLandscapeLeft UIInterfaceOrientationLandscapeRight";
				INFOPLIST_KEY_UISupportedInterfaceOrientations_iPhone = "UIInterfaceOrientationPortrait UIInterfaceOrientationLandscapeLeft UIInterfaceOrientationLandscapeRight";
				LD_RUNPATH_SEARCH_PATHS = (
					"$(inherited)",
					"@executable_path/Frameworks",
				);
				MARKETING_VERSION = 1.0;
				PRODUCT_BUNDLE_IDENTIFIER = com.ananya.Hacklahoma;
				PRODUCT_NAME = "$(TARGET_NAME)";
				SWIFT_EMIT_LOC_STRINGS = YES;
				SWIFT_VERSION = 5.0;
				TARGETED_DEVICE_FAMILY = "1,2";
			};
			name = Debug;
		};
		003881D82B780823007826E0 /* Release */ = {
			isa = XCBuildConfiguration;
			buildSettings = {
				ASSETCATALOG_COMPILER_APPICON_NAME = AppIcon;
				ASSETCATALOG_COMPILER_GLOBAL_ACCENT_COLOR_NAME = AccentColor;
				CODE_SIGN_STYLE = Automatic;
				CURRENT_PROJECT_VERSION = 1;
				DEVELOPMENT_ASSET_PATHS = "\"Hacklahoma/Preview Content\"";
				DEVELOPMENT_TEAM = 8X77Z4A6V8;
				ENABLE_PREVIEWS = YES;
				GENERATE_INFOPLIST_FILE = YES;
				INFOPLIST_KEY_NSCameraUsageDescription = "App needs access to camera";
				INFOPLIST_KEY_UIApplicationSceneManifest_Generation = YES;
				INFOPLIST_KEY_UIApplicationSupportsIndirectInputEvents = YES;
				INFOPLIST_KEY_UILaunchScreen_Generation = YES;
				INFOPLIST_KEY_UISupportedInterfaceOrientations_iPad = "UIInterfaceOrientationPortrait UIInterfaceOrientationPortraitUpsideDown UIInterfaceOrientationLandscapeLeft UIInterfaceOrientationLandscapeRight";
				INFOPLIST_KEY_UISupportedInterfaceOrientations_iPhone = "UIInterfaceOrientationPortrait UIInterfaceOrientationLandscapeLeft UIInterfaceOrientationLandscapeRight";
				LD_RUNPATH_SEARCH_PATHS = (
					"$(inherited)",
					"@executable_path/Frameworks",
				);
				MARKETING_VERSION = 1.0;
				PRODUCT_BUNDLE_IDENTIFIER = com.ananya.Hacklahoma;
				PRODUCT_NAME = "$(TARGET_NAME)";
				SWIFT_EMIT_LOC_STRINGS = YES;
				SWIFT_VERSION = 5.0;
				TARGETED_DEVICE_FAMILY = "1,2";
			};
			name = Release;
		};
/* End XCBuildConfiguration section */

/* Begin XCConfigurationList section */
		003881C32B780822007826E0 /* Build configuration list for PBXProject "Hacklahoma" */ = {
			isa = XCConfigurationList;
			buildConfigurations = (
				003881D42B780823007826E0 /* Debug */,
				003881D52B780823007826E0 /* Release */,
			);
			defaultConfigurationIsVisible = 0;
			defaultConfigurationName = Release;
		};
		003881D62B780823007826E0 /* Build configuration list for PBXNativeTarget "Hacklahoma" */ = {
			isa = XCConfigurationList;
			buildConfigurations = (
				003881D72B780823007826E0 /* Debug */,
				003881D82B780823007826E0 /* Release */,
			);
			defaultConfigurationIsVisible = 0;
			defaultConfigurationName = Release;
		};
/* End XCConfigurationList section */
	};
	rootObject = 003881C02B780822007826E0 /* Project object */;
}
